
Microsoft Visual Studio Solution File, Format Version 12.00
# Visual Studio Version 17
VisualStudioVersion = 17.3.32922.545
MinimumVisualStudioVersion = 10.0.40219.1
Project("{FAE04EC0-301F-11D3-BF4B-00C04F79EFBC}") = "ConsoleCalculator", "ConsoleCalculator\ConsoleCalculator.csproj", "{B2E1DD56-5E58-43B6-AF6C-4A48195CA23A}"
EndProject
Global
	GlobalSection(SolutionConfigurationPlatforms) = preSolution
		Debug|Any CPU = Debug|Any CPU
		Release|Any CPU = Release|Any CPU
	EndGlobalSection
	GlobalSection(ProjectConfigurationPlatforms) = postSolution
		{B2E1DD56-5E58-43B6-AF6C-4A48195CA23A}.Debug|Any CPU.ActiveCfg = Debug|Any CPU
		{B2E1DD56-5E58-43B6-AF6C-4A48195CA23A}.Debug|Any CPU.Build.0 = Debug|Any CPU
		{B2E1DD56-5E58-43B6-AF6C-4A48195CA23A}.Release|Any CPU.ActiveCfg = Release|Any CPU
		{B2E1DD56-5E58-43B6-AF6C-4A48195CA23A}.Release|Any CPU.Build.0 = Release|Any CPU
	EndGlobalSection
	GlobalSection(SolutionProperties) = preSolution
		HideSolutionNode = FALSE
	EndGlobalSection
	GlobalSection(ExtensibilityGlobals) = postSolution
		SolutionGuid = {A2A09F65-FC9B-41E8-A7EB-23F6348F5EEF}
	EndGlobalSection
EndGlobal
